{
  "name": "typescriptlab",
  "version": "1.0.0",
  "lockfileVersion": 1,
  "requires": true,
  "dependencies": {
    "@types/d3": {
      "version": "3.5.40",
      "resolved": "https://registry.npmjs.org/@types/d3/-/d3-3.5.40.tgz",
      "integrity": "sha512-GrJeI6Yg6uCIYRtWlMGxDtgsKSs2aMW0edrO/GJk+O7y4iayn8lEoHAn50wkjb9voRq9JimhCN/FIXLzAxkCoA=="
    }
  }
}
